// !$*UTF8*$!
{
	archiveVersion = 1;
	classes = {
	};
	objectVersion = 55;
	objects = {

/* Begin PBXBuildFile section */
		B4297FC0276619220010FB67 /* TodoViewCell.swift in Sources */ = {isa = PBXBuildFile; fileRef = B4297FBF276619220010FB67 /* TodoViewCell.swift */; };
		B4297FC3276619560010FB67 /* Constraints.swift in Sources */ = {isa = PBXBuildFile; fileRef = B4297FC2276619560010FB67 /* Constraints.swift */; };
		B4297FC5276619680010FB67 /* Constraints+Cell.swift in Sources */ = {isa = PBXBuildFile; fileRef = B4297FC4276619680010FB67 /* Constraints+Cell.swift */; };
		B4297FC8276619CE0010FB67 /* DetailsPage.swift in Sources */ = {isa = PBXBuildFile; fileRef = B4297FC7276619CE0010FB67 /* DetailsPage.swift */; };
		B4297FCB27661A1A0010FB67 /* AddPage.swift in Sources */ = {isa = PBXBuildFile; fileRef = B4297FCA27661A1A0010FB67 /* AddPage.swift */; };
		B4297FD02766466D0010FB67 /* NavigationExtension.swift in Sources */ = {isa = PBXBuildFile; fileRef = B4297FCF2766466D0010FB67 /* NavigationExtension.swift */; };
		B4297FD2276652B20010FB67 /* TextPadding.swift in Sources */ = {isa = PBXBuildFile; fileRef = B4297FD1276652B20010FB67 /* TextPadding.swift */; };
		B4297FD427665B070010FB67 /* AddPage+Cinstraints.swift in Sources */ = {isa = PBXBuildFile; fileRef = B4297FD327665B070010FB67 /* AddPage+Cinstraints.swift */; };
		B4436618276401B6008DFC17 /* Todo_ViewModel.swift in Sources */ = {isa = PBXBuildFile; fileRef = B4436617276401B6008DFC17 /* Todo_ViewModel.swift */; };
		B443661A276401D5008DFC17 /* Todo_Item.swift in Sources */ = {isa = PBXBuildFile; fileRef = B4436619276401D5008DFC17 /* Todo_Item.swift */; };
		B485CF522763A86E00D142A8 /* AppDelegate.swift in Sources */ = {isa = PBXBuildFile; fileRef = B485CF512763A86E00D142A8 /* AppDelegate.swift */; };
		B485CF542763A86E00D142A8 /* SceneDelegate.swift in Sources */ = {isa = PBXBuildFile; fileRef = B485CF532763A86E00D142A8 /* SceneDelegate.swift */; };
		B485CF562763A86E00D142A8 /* ViewController.swift in Sources */ = {isa = PBXBuildFile; fileRef = B485CF552763A86E00D142A8 /* ViewController.swift */; };
		B485CF5B2763A86F00D142A8 /* Assets.xcassets in Resources */ = {isa = PBXBuildFile; fileRef = B485CF5A2763A86F00D142A8 /* Assets.xcassets */; };
		B485CF5E2763A86F00D142A8 /* LaunchScreen.storyboard in Resources */ = {isa = PBXBuildFile; fileRef = B485CF5C2763A86F00D142A8 /* LaunchScreen.storyboard */; };
		B4D4CA662764CFEA00BC20DF /* Coordinator.swift in Sources */ = {isa = PBXBuildFile; fileRef = B4D4CA652764CFEA00BC20DF /* Coordinator.swift */; };
		B4D4CA682764D02A00BC20DF /* MainCoordinator.swift in Sources */ = {isa = PBXBuildFile; fileRef = B4D4CA672764D02A00BC20DF /* MainCoordinator.swift */; };
/* End PBXBuildFile section */

/* Begin PBXFileReference section */
		B4297FBF276619220010FB67 /* TodoViewCell.swift */ = {isa = PBXFileReference; lastKnownFileType = sourcecode.swift; path = TodoViewCell.swift; sourceTree = "<group>"; };
		B4297FC2276619560010FB67 /* Constraints.swift */ = {isa = PBXFileReference; lastKnownFileType = sourcecode.swift; path = Constraints.swift; sourceTree = "<group>"; };
		B4297FC4276619680010FB67 /* Constraints+Cell.swift */ = {isa = PBXFileReference; lastKnownFileType = sourcecode.swift; path = "Constraints+Cell.swift"; sourceTree = "<group>"; };
		B4297FC7276619CE0010FB67 /* DetailsPage.swift */ = {isa = PBXFileReference; lastKnownFileType = sourcecode.swift; path = DetailsPage.swift; sourceTree = "<group>"; };
		B4297FCA27661A1A0010FB67 /* AddPage.swift */ = {isa = PBXFileReference; lastKnownFileType = sourcecode.swift; path = AddPage.swift; sourceTree = "<group>"; };
		B4297FCF2766466D0010FB67 /* NavigationExtension.swift */ = {isa = PBXFileReference; lastKnownFileType = sourcecode.swift; path = NavigationExtension.swift; sourceTree = "<group>"; };
		B4297FD1276652B20010FB67 /* TextPadding.swift */ = {isa = PBXFileReference; lastKnownFileType = sourcecode.swift; path = TextPadding.swift; sourceTree = "<group>"; };
		B4297FD327665B070010FB67 /* AddPage+Cinstraints.swift */ = {isa = PBXFileReference; lastKnownFileType = sourcecode.swift; path = "AddPage+Cinstraints.swift"; sourceTree = "<group>"; };
		B4436617276401B6008DFC17 /* Todo_ViewModel.swift */ = {isa = PBXFileReference; lastKnownFileType = sourcecode.swift; path = Todo_ViewModel.swift; sourceTree = "<group>"; };
		B4436619276401D5008DFC17 /* Todo_Item.swift */ = {isa = PBXFileReference; lastKnownFileType = sourcecode.swift; path = Todo_Item.swift; sourceTree = "<group>"; };
		B485CF4E2763A86E00D142A8 /* TODO_APP.app */ = {isa = PBXFileReference; explicitFileType = wrapper.application; includeInIndex = 0; path = TODO_APP.app; sourceTree = BUILT_PRODUCTS_DIR; };
		B485CF512763A86E00D142A8 /* AppDelegate.swift */ = {isa = PBXFileReference; lastKnownFileType = sourcecode.swift; path = AppDelegate.swift; sourceTree = "<group>"; };
		B485CF532763A86E00D142A8 /* SceneDelegate.swift */ = {isa = PBXFileReference; lastKnownFileType = sourcecode.swift; path = SceneDelegate.swift; sourceTree = "<group>"; };
		B485CF552763A86E00D142A8 /* ViewController.swift */ = {isa = PBXFileReference; lastKnownFileType = sourcecode.swift; path = ViewController.swift; sourceTree = "<group>"; };
		B485CF5A2763A86F00D142A8 /* Assets.xcassets */ = {isa = PBXFileReference; lastKnownFileType = folder.assetcatalog; path = Assets.xcassets; sourceTree = "<group>"; };
		B485CF5D2763A86F00D142A8 /* Base */ = {isa = PBXFileReference; lastKnownFileType = file.storyboard; name = Base; path = Base.lproj/LaunchScreen.storyboard; sourceTree = "<group>"; };
		B485CF5F2763A86F00D142A8 /* Info.plist */ = {isa = PBXFileReference; lastKnownFileType = text.plist.xml; path = Info.plist; sourceTree = "<group>"; };
		B4D4CA652764CFEA00BC20DF /* Coordinator.swift */ = {isa = PBXFileReference; lastKnownFileType = sourcecode.swift; path = Coordinator.swift; sourceTree = "<group>"; };
		B4D4CA672764D02A00BC20DF /* MainCoordinator.swift */ = {isa = PBXFileReference; lastKnownFileType = sourcecode.swift; path = MainCoordinator.swift; sourceTree = "<group>"; };
/* End PBXFileReference section */

/* Begin PBXFrameworksBuildPhase section */
		B485CF4B2763A86E00D142A8 /* Frameworks */ = {
			isa = PBXFrameworksBuildPhase;
			buildActionMask = 2147483647;
			files = (
			);
			runOnlyForDeploymentPostprocessing = 0;
		};
/* End PBXFrameworksBuildPhase section */

/* Begin PBXGroup section */
		B4297FC1276619430010FB67 /* Constraints */ = {
			isa = PBXGroup;
			children = (
				B4297FC2276619560010FB67 /* Constraints.swift */,
				B4297FC4276619680010FB67 /* Constraints+Cell.swift */,
				B4297FD327665B070010FB67 /* AddPage+Cinstraints.swift */,
			);
			path = Constraints;
			sourceTree = "<group>";
		};
		B4297FC6276619AC0010FB67 /* DetailsScreen */ = {
			isa = PBXGroup;
			children = (
				B4297FC7276619CE0010FB67 /* DetailsPage.swift */,
			);
			path = DetailsScreen;
			sourceTree = "<group>";
		};
		B4297FC9276619F90010FB67 /* AddTodoList */ = {
			isa = PBXGroup;
			children = (
				B4297FCA27661A1A0010FB67 /* AddPage.swift */,
			);
			path = AddTodoList;
			sourceTree = "<group>";
		};
		B4297FCC276645A60010FB67 /* ViewController */ = {
			isa = PBXGroup;
			children = (
				B485CF552763A86E00D142A8 /* ViewController.swift */,
			);
			path = ViewController;
			sourceTree = "<group>";
		};
		B4297FCD276645B80010FB67 /* ViewCell */ = {
			isa = PBXGroup;
			children = (
				B4297FBF276619220010FB67 /* TodoViewCell.swift */,
			);
			path = ViewCell;
			sourceTree = "<group>";
		};
		B4297FCE276646540010FB67 /* Navigation+Extension */ = {
			isa = PBXGroup;
			children = (
				B4297FCF2766466D0010FB67 /* NavigationExtension.swift */,
			);
			path = "Navigation+Extension";
			sourceTree = "<group>";
		};
		B485CF452763A86E00D142A8 = {
			isa = PBXGroup;
			children = (
				B485CF502763A86E00D142A8 /* TODO_APP */,
				B485CF4F2763A86E00D142A8 /* Products */,
			);
			sourceTree = "<group>";
		};
		B485CF4F2763A86E00D142A8 /* Products */ = {
			isa = PBXGroup;
			children = (
				B485CF4E2763A86E00D142A8 /* TODO_APP.app */,
			);
			name = Products;
			sourceTree = "<group>";
		};
		B485CF502763A86E00D142A8 /* TODO_APP */ = {
			isa = PBXGroup;
			children = (
				B4D4CA642764CFC000BC20DF /* Coordinator */,
				B485CF682763D69800D142A8 /* ViewModel */,
				B485CF672763D60D00D142A8 /* Model */,
				B485CF662763D5F200D142A8 /* View */,
				B485CF652763D5DC00D142A8 /* APP */,
				B485CF692763D7D000D142A8 /* Resources */,
				B485CF5F2763A86F00D142A8 /* Info.plist */,
			);
			path = TODO_APP;
			sourceTree = "<group>";
		};
		B485CF652763D5DC00D142A8 /* APP */ = {
			isa = PBXGroup;
			children = (
				B485CF532763A86E00D142A8 /* SceneDelegate.swift */,
				B485CF512763A86E00D142A8 /* AppDelegate.swift */,
			);
			path = APP;
			sourceTree = "<group>";
		};
		B485CF662763D5F200D142A8 /* View */ = {
			isa = PBXGroup;
			children = (
				B4297FD1276652B20010FB67 /* TextPadding.swift */,
				B4297FCE276646540010FB67 /* Navigation+Extension */,
				B4297FC9276619F90010FB67 /* AddTodoList */,
				B4297FC6276619AC0010FB67 /* DetailsScreen */,
				B4297FC1276619430010FB67 /* Constraints */,
				B4297FCC276645A60010FB67 /* ViewController */,
				B4297FCD276645B80010FB67 /* ViewCell */,
			);
			path = View;
			sourceTree = "<group>";
		};
		B485CF672763D60D00D142A8 /* Model */ = {
			isa = PBXGroup;
			children = (
				B4436619276401D5008DFC17 /* Todo_Item.swift */,
			);
			path = Model;
			sourceTree = "<group>";
		};
		B485CF682763D69800D142A8 /* ViewModel */ = {
			isa = PBXGroup;
			children = (
				B4436617276401B6008DFC17 /* Todo_ViewModel.swift */,
			);
			path = ViewModel;
			sourceTree = "<group>";
		};
		B485CF692763D7D000D142A8 /* Resources */ = {
			isa = PBXGroup;
			children = (
				B485CF5C2763A86F00D142A8 /* LaunchScreen.storyboard */,
				B485CF5A2763A86F00D142A8 /* Assets.xcassets */,
			);
			path = Resources;
			sourceTree = "<group>";
		};
		B4D4CA642764CFC000BC20DF /* Coordinator */ = {
			isa = PBXGroup;
			children = (
				B4D4CA652764CFEA00BC20DF /* Coordinator.swift */,
				B4D4CA672764D02A00BC20DF /* MainCoordinator.swift */,
			);
			path = Coordinator;
			sourceTree = "<group>";
		};
/* End PBXGroup section */

/* Begin PBXNativeTarget section */
		B485CF4D2763A86E00D142A8 /* TODO_APP */ = {
			isa = PBXNativeTarget;
			buildConfigurationList = B485CF622763A86F00D142A8 /* Build configuration list for PBXNativeTarget "TODO_APP" */;
			buildPhases = (
				B485CF4A2763A86E00D142A8 /* Sources */,
				B485CF4B2763A86E00D142A8 /* Frameworks */,
				B485CF4C2763A86E00D142A8 /* Resources */,
			);
			buildRules = (
			);
			dependencies = (
			);
			name = TODO_APP;
			productName = TODO_APP;
			productReference = B485CF4E2763A86E00D142A8 /* TODO_APP.app */;
			productType = "com.apple.product-type.application";
		};
/* End PBXNativeTarget section */

/* Begin PBXProject section */
		B485CF462763A86E00D142A8 /* Project object */ = {
			isa = PBXProject;
			attributes = {
				BuildIndependentTargetsInParallel = 1;
				LastSwiftUpdateCheck = 1300;
				LastUpgradeCheck = 1300;
				TargetAttributes = {
					B485CF4D2763A86E00D142A8 = {
						CreatedOnToolsVersion = 13.0;
					};
				};
			};
			buildConfigurationList = B485CF492763A86E00D142A8 /* Build configuration list for PBXProject "TODO_APP" */;
			compatibilityVersion = "Xcode 13.0";
			developmentRegion = en;
			hasScannedForEncodings = 0;
			knownRegions = (
				en,
				Base,
			);
			mainGroup = B485CF452763A86E00D142A8;
			productRefGroup = B485CF4F2763A86E00D142A8 /* Products */;
			projectDirPath = "";
			projectRoot = "";
			targets = (
				B485CF4D2763A86E00D142A8 /* TODO_APP */,
			);
		};
/* End PBXProject section */

/* Begin PBXResourcesBuildPhase section */
		B485CF4C2763A86E00D142A8 /* Resources */ = {
			isa = PBXResourcesBuildPhase;
			buildActionMask = 2147483647;
			files = (
				B485CF5E2763A86F00D142A8 /* LaunchScreen.storyboard in Resources */,
				B485CF5B2763A86F00D142A8 /* Assets.xcassets in Resources */,
			);
			runOnlyForDeploymentPostprocessing = 0;
		};
/* End PBXResourcesBuildPhase section */

/* Begin PBXSourcesBuildPhase section */
		B485CF4A2763A86E00D142A8 /* Sources */ = {
			isa = PBXSourcesBuildPhase;
			buildActionMask = 2147483647;
			files = (
				B4297FC5276619680010FB67 /* Constraints+Cell.swift in Sources */,
				B4436618276401B6008DFC17 /* Todo_ViewModel.swift in Sources */,
				B4D4CA682764D02A00BC20DF /* MainCoordinator.swift in Sources */,
				B443661A276401D5008DFC17 /* Todo_Item.swift in Sources */,
				B4297FD2276652B20010FB67 /* TextPadding.swift in Sources */,
				B4D4CA662764CFEA00BC20DF /* Coordinator.swift in Sources */,
				B4297FD02766466D0010FB67 /* NavigationExtension.swift in Sources */,
				B4297FC3276619560010FB67 /* Constraints.swift in Sources */,
				B4297FD427665B070010FB67 /* AddPage+Cinstraints.swift in Sources */,
				B485CF562763A86E00D142A8 /* ViewController.swift in Sources */,
				B485CF522763A86E00D142A8 /* AppDelegate.swift in Sources */,
				B4297FC0276619220010FB67 /* TodoViewCell.swift in Sources */,
				B485CF542763A86E00D142A8 /* SceneDelegate.swift in Sources */,
				B4297FCB27661A1A0010FB67 /* AddPage.swift in Sources */,
				B4297FC8276619CE0010FB67 /* DetailsPage.swift in Sources */,
			);
			runOnlyForDeploymentPostprocessing = 0;
		};
/* End PBXSourcesBuildPhase section */

/* Begin PBXVariantGroup section */
		B485CF5C2763A86F00D142A8 /* LaunchScreen.storyboard */ = {
			isa = PBXVariantGroup;
			children = (
				B485CF5D2763A86F00D142A8 /* Base */,
			);
			name = LaunchScreen.storyboard;
			sourceTree = "<group>";
		};
/* End PBXVariantGroup section */

/* Begin XCBuildConfiguration section */
		B485CF602763A86F00D142A8 /* Debug */ = {
			isa = XCBuildConfiguration;
			buildSettings = {
				ALWAYS_SEARCH_USER_PATHS = NO;
				CLANG_ANALYZER_NONNULL = YES;
				CLANG_ANALYZER_NUMBER_OBJECT_CONVERSION = YES_AGGRESSIVE;
				CLANG_CXX_LANGUAGE_STANDARD = "gnu++17";
				CLANG_CXX_LIBRARY = "libc++";
				CLANG_ENABLE_MODULES = YES;
				CLANG_ENABLE_OBJC_ARC = YES;
				CLANG_ENABLE_OBJC_WEAK = YES;
				CLANG_WARN_BLOCK_CAPTURE_AUTORELEASING = YES;
				CLANG_WARN_BOOL_CONVERSION = YES;
				CLANG_WARN_COMMA = YES;
				CLANG_WARN_CONSTANT_CONVERSION = YES;
				CLANG_WARN_DEPRECATED_OBJC_IMPLEMENTATIONS = YES;
				CLANG_WARN_DIRECT_OBJC_ISA_USAGE = YES_ERROR;
				CLANG_WARN_DOCUMENTATION_COMMENTS = YES;
				CLANG_WARN_EMPTY_BODY = YES;
				CLANG_WARN_ENUM_CONVERSION = YES;
				CLANG_WARN_INFINITE_RECURSION = YES;
				CLANG_WARN_INT_CONVERSION = YES;
				CLANG_WARN_NON_LITERAL_NULL_CONVERSION = YES;
				CLANG_WARN_OBJC_IMPLICIT_RETAIN_SELF = YES;
				CLANG_WARN_OBJC_LITERAL_CONVERSION = YES;
				CLANG_WARN_OBJC_ROOT_CLASS = YES_ERROR;
				CLANG_WARN_QUOTED_INCLUDE_IN_FRAMEWORK_HEADER = YES;
				CLANG_WARN_RANGE_LOOP_ANALYSIS = YES;
				CLANG_WARN_STRICT_PROTOTYPES = YES;
				CLANG_WARN_SUSPICIOUS_MOVE = YES;
				CLANG_WARN_UNGUARDED_AVAILABILITY = YES_AGGRESSIVE;
				CLANG_WARN_UNREACHABLE_CODE = YES;
				CLANG_WARN__DUPLICATE_METHOD_MATCH = YES;
				COPY_PHASE_STRIP = NO;
				DEBUG_INFORMATION_FORMAT = dwarf;
				ENABLE_STRICT_OBJC_MSGSEND = YES;
				ENABLE_TESTABILITY = YES;
				GCC_C_LANGUAGE_STANDARD = gnu11;
				GCC_DYNAMIC_NO_PIC = NO;
				GCC_NO_COMMON_BLOCKS = YES;
				GCC_OPTIMIZATION_LEVEL = 0;
				GCC_PREPROCESSOR_DEFINITIONS = (
					"DEBUG=1",
					"$(inherited)",
				);
				GCC_WARN_64_TO_32_BIT_CONVERSION = YES;
				GCC_WARN_ABOUT_RETURN_TYPE = YES_ERROR;
				GCC_WARN_UNDECLARED_SELECTOR = YES;
				GCC_WARN_UNINITIALIZED_AUTOS = YES_AGGRESSIVE;
				GCC_WARN_UNUSED_FUNCTION = YES;
				GCC_WARN_UNUSED_VARIABLE = YES;
				IPHONEOS_DEPLOYMENT_TARGET = 15.0;
				MTL_ENABLE_DEBUG_INFO = INCLUDE_SOURCE;
				MTL_FAST_MATH = YES;
				ONLY_ACTIVE_ARCH = YES;
				SDKROOT = iphoneos;
				SWIFT_ACTIVE_COMPILATION_CONDITIONS = DEBUG;
				SWIFT_OPTIMIZATION_LEVEL = "-Onone";
			};
			name = Debug;
		};
		B485CF612763A86F00D142A8 /* Release */ = {
			isa = XCBuildConfiguration;
			buildSettings = {
				ALWAYS_SEARCH_USER_PATHS = NO;
				CLANG_ANALYZER_NONNULL = YES;
				CLANG_ANALYZER_NUMBER_OBJECT_CONVERSION = YES_AGGRESSIVE;
				CLANG_CXX_LANGUAGE_STANDARD = "gnu++17";
				CLANG_CXX_LIBRARY = "libc++";
				CLANG_ENABLE_MODULES = YES;
				CLANG_ENABLE_OBJC_ARC = YES;
				CLANG_ENABLE_OBJC_WEAK = YES;
				CLANG_WARN_BLOCK_CAPTURE_AUTORELEASING = YES;
				CLANG_WARN_BOOL_CONVERSION = YES;
				CLANG_WARN_COMMA = YES;
				CLANG_WARN_CONSTANT_CONVERSION = YES;
				CLANG_WARN_DEPRECATED_OBJC_IMPLEMENTATIONS = YES;
				CLANG_WARN_DIRECT_OBJC_ISA_USAGE = YES_ERROR;
				CLANG_WARN_DOCUMENTATION_COMMENTS = YES;
				CLANG_WARN_EMPTY_BODY = YES;
				CLANG_WARN_ENUM_CONVERSION = YES;
				CLANG_WARN_INFINITE_RECURSION = YES;
				CLANG_WARN_INT_CONVERSION = YES;
				CLANG_WARN_NON_LITERAL_NULL_CONVERSION = YES;
				CLANG_WARN_OBJC_IMPLICIT_RETAIN_SELF = YES;
				CLANG_WARN_OBJC_LITERAL_CONVERSION = YES;
				CLANG_WARN_OBJC_ROOT_CLASS = YES_ERROR;
				CLANG_WARN_QUOTED_INCLUDE_IN_FRAMEWORK_HEADER = YES;
				CLANG_WARN_RANGE_LOOP_ANALYSIS = YES;
				CLANG_WARN_STRICT_PROTOTYPES = YES;
				CLANG_WARN_SUSPICIOUS_MOVE = YES;
				CLANG_WARN_UNGUARDED_AVAILABILITY = YES_AGGRESSIVE;
				CLANG_WARN_UNREACHABLE_CODE = YES;
				CLANG_WARN__DUPLICATE_METHOD_MATCH = YES;
				COPY_PHASE_STRIP = NO;
				DEBUG_INFORMATION_FORMAT = "dwarf-with-dsym";
				ENABLE_NS_ASSERTIONS = NO;
				ENABLE_STRICT_OBJC_MSGSEND = YES;
				GCC_C_LANGUAGE_STANDARD = gnu11;
				GCC_NO_COMMON_BLOCKS = YES;
				GCC_WARN_64_TO_32_BIT_CONVERSION = YES;
				GCC_WARN_ABOUT_RETURN_TYPE = YES_ERROR;
				GCC_WARN_UNDECLARED_SELECTOR = YES;
				GCC_WARN_UNINITIALIZED_AUTOS = YES_AGGRESSIVE;
				GCC_WARN_UNUSED_FUNCTION = YES;
				GCC_WARN_UNUSED_VARIABLE = YES;
				IPHONEOS_DEPLOYMENT_TARGET = 15.0;
				MTL_ENABLE_DEBUG_INFO = NO;
				MTL_FAST_MATH = YES;
				SDKROOT = iphoneos;
				SWIFT_COMPILATION_MODE = wholemodule;
				SWIFT_OPTIMIZATION_LEVEL = "-O";
				VALIDATE_PRODUCT = YES;
			};
			name = Release;
		};
		B485CF632763A86F00D142A8 /* Debug */ = {
			isa = XCBuildConfiguration;
			buildSettings = {
				ASSETCATALOG_COMPILER_APPICON_NAME = AppIcon;
				ASSETCATALOG_COMPILER_GLOBAL_ACCENT_COLOR_NAME = AccentColor;
				CODE_SIGN_STYLE = Automatic;
				CURRENT_PROJECT_VERSION = 1;
				GENERATE_INFOPLIST_FILE = YES;
				INFOPLIST_FILE = TODO_APP/Info.plist;
				INFOPLIST_KEY_UIApplicationSupportsIndirectInputEvents = YES;
				INFOPLIST_KEY_UILaunchStoryboardName = LaunchScreen;
				INFOPLIST_KEY_UISupportedInterfaceOrientations_iPad = "UIInterfaceOrientationPortrait UIInterfaceOrientationPortraitUpsideDown UIInterfaceOrientationLandscapeLeft UIInterfaceOrientationLandscapeRight";
				INFOPLIST_KEY_UISupportedInterfaceOrientations_iPhone = "UIInterfaceOrientationPortrait UIInterfaceOrientationLandscapeLeft UIInterfaceOrientationLandscapeRight";
				LD_RUNPATH_SEARCH_PATHS = (
					"$(inherited)",
					"@executable_path/Frameworks",
				);
				MARKETING_VERSION = 1.0;
				PRODUCT_BUNDLE_IDENTIFIER = "sam.TODO-APP";
				PRODUCT_NAME = "$(TARGET_NAME)";
				SWIFT_EMIT_LOC_STRINGS = YES;
				SWIFT_VERSION = 5.0;
				TARGETED_DEVICE_FAMILY = "1,2";
			};
			name = Debug;
		};
		B485CF642763A86F00D142A8 /* Release */ = {
			isa = XCBuildConfiguration;
			buildSettings = {
				ASSETCATALOG_COMPILER_APPICON_NAME = AppIcon;
				ASSETCATALOG_COMPILER_GLOBAL_ACCENT_COLOR_NAME = AccentColor;
				CODE_SIGN_STYLE = Automatic;
				CURRENT_PROJECT_VERSION = 1;
				GENERATE_INFOPLIST_FILE = YES;
				INFOPLIST_FILE = TODO_APP/Info.plist;
				INFOPLIST_KEY_UIApplicationSupportsIndirectInputEvents = YES;
				INFOPLIST_KEY_UILaunchStoryboardName = LaunchScreen;
				INFOPLIST_KEY_UISupportedInterfaceOrientations_iPad = "UIInterfaceOrientationPortrait UIInterfaceOrientationPortraitUpsideDown UIInterfaceOrientationLandscapeLeft UIInterfaceOrientationLandscapeRight";
				INFOPLIST_KEY_UISupportedInterfaceOrientations_iPhone = "UIInterfaceOrientationPortrait UIInterfaceOrientationLandscapeLeft UIInterfaceOrientationLandscapeRight";
				LD_RUNPATH_SEARCH_PATHS = (
					"$(inherited)",
					"@executable_path/Frameworks",
				);
				MARKETING_VERSION = 1.0;
				PRODUCT_BUNDLE_IDENTIFIER = "sam.TODO-APP";
				PRODUCT_NAME = "$(TARGET_NAME)";
				SWIFT_EMIT_LOC_STRINGS = YES;
				SWIFT_VERSION = 5.0;
				TARGETED_DEVICE_FAMILY = "1,2";
			};
			name = Release;
		};
/* End XCBuildConfiguration section */

/* Begin XCConfigurationList section */
		B485CF492763A86E00D142A8 /* Build configuration list for PBXProject "TODO_APP" */ = {
			isa = XCConfigurationList;
			buildConfigurations = (
				B485CF602763A86F00D142A8 /* Debug */,
				B485CF612763A86F00D142A8 /* Release */,
			);
			defaultConfigurationIsVisible = 0;
			defaultConfigurationName = Release;
		};
		B485CF622763A86F00D142A8 /* Build configuration list for PBXNativeTarget "TODO_APP" */ = {
			isa = XCConfigurationList;
			buildConfigurations = (
				B485CF632763A86F00D142A8 /* Debug */,
				B485CF642763A86F00D142A8 /* Release */,
			);
			defaultConfigurationIsVisible = 0;
			defaultConfigurationName = Release;
		};
/* End XCConfigurationList section */
	};
	rootObject = B485CF462763A86E00D142A8 /* Project object */;
}
